
Microsoft Visual Studio Solution File, Format Version 12.00
Project("{FAE04EC0-301F-11D3-BF4B-00C04F79EFBC}") = "Hsp.JobScheduler", "Hsp.JobScheduler\Hsp.JobScheduler.csproj", "{591758DD-9C61-444B-A179-544F80ED73DD}"
EndProject
Global
	GlobalSection(SolutionConfigurationPlatforms) = preSolution
		Debug|Any CPU = Debug|Any CPU
		Release|Any CPU = Release|Any CPU
	EndGlobalSection
	GlobalSection(ProjectConfigurationPlatforms) = postSolution
		{591758DD-9C61-444B-A179-544F80ED73DD}.Debug|Any CPU.ActiveCfg = Debug|Any CPU
		{591758DD-9C61-444B-A179-544F80ED73DD}.Debug|Any CPU.Build.0 = Debug|Any CPU
		{591758DD-9C61-444B-A179-544F80ED73DD}.Release|Any CPU.ActiveCfg = Release|Any CPU
		{591758DD-9C61-444B-A179-544F80ED73DD}.Release|Any CPU.Build.0 = Release|Any CPU
	EndGlobalSection
EndGlobal
